
Microsoft Visual Studio Solution File, Format Version 12.00
# Visual Studio Version 16
VisualStudioVersion = 16.0.30413.136
MinimumVisualStudioVersion = 10.0.40219.1
Project("{9A19103F-16F7-4668-BE54-9A1E7A4F7556}") = "Artnix.Scheduler", "Artnix.Scheduler\Artnix.Scheduler.csproj", "{48BC1C24-3FD3-40EA-A484-21235C3AA16F}"
EndProject
Project("{FAE04EC0-301F-11D3-BF4B-00C04F79EFBC}") = "Artnix.Scheduler.ConsoleTestApp", "Artnix.Scheduler.ConsoleTestApp\Artnix.Scheduler.ConsoleTestApp.csproj", "{F5DA8107-DFD8-4F44-95A3-F5AF2879C83E}"
EndProject
Project("{FAE04EC0-301F-11D3-BF4B-00C04F79EFBC}") = "Artnix.Scheduler.DependencyInjection.ConsoleTestApp", "Artnix.Scheduler.DependencyInjection.ConsoleTestApp\Artnix.Scheduler.DependencyInjection.ConsoleTestApp.csproj", "{030B20F9-6F89-4A52-8B9C-438CB8DF6554}"
EndProject
Project("{9A19103F-16F7-4668-BE54-9A1E7A4F7556}") = "Artnix.Scheduler.DependencyInjection", "Artnix.Scheduler.DependencyInjection\Artnix.Scheduler.DependencyInjection.csproj", "{93A6E690-2697-4C23-B62B-96676EB58E2E}"
EndProject
Global
	GlobalSection(SolutionConfigurationPlatforms) = preSolution
		Debug|Any CPU = Debug|Any CPU
		Release|Any CPU = Release|Any CPU
	EndGlobalSection
	GlobalSection(ProjectConfigurationPlatforms) = postSolution
		{48BC1C24-3FD3-40EA-A484-21235C3AA16F}.Debug|Any CPU.ActiveCfg = Debug|Any CPU
		{48BC1C24-3FD3-40EA-A484-21235C3AA16F}.Debug|Any CPU.Build.0 = Debug|Any CPU
		{48BC1C24-3FD3-40EA-A484-21235C3AA16F}.Release|Any CPU.ActiveCfg = Release|Any CPU
		{48BC1C24-3FD3-40EA-A484-21235C3AA16F}.Release|Any CPU.Build.0 = Release|Any CPU
		{F5DA8107-DFD8-4F44-95A3-F5AF2879C83E}.Debug|Any CPU.ActiveCfg = Debug|Any CPU
		{F5DA8107-DFD8-4F44-95A3-F5AF2879C83E}.Debug|Any CPU.Build.0 = Debug|Any CPU
		{F5DA8107-DFD8-4F44-95A3-F5AF2879C83E}.Release|Any CPU.ActiveCfg = Release|Any CPU
		{F5DA8107-DFD8-4F44-95A3-F5AF2879C83E}.Release|Any CPU.Build.0 = Release|Any CPU
		{030B20F9-6F89-4A52-8B9C-438CB8DF6554}.Debug|Any CPU.ActiveCfg = Debug|Any CPU
		{030B20F9-6F89-4A52-8B9C-438CB8DF6554}.Debug|Any CPU.Build.0 = Debug|Any CPU
		{030B20F9-6F89-4A52-8B9C-438CB8DF6554}.Release|Any CPU.ActiveCfg = Release|Any CPU
		{030B20F9-6F89-4A52-8B9C-438CB8DF6554}.Release|Any CPU.Build.0 = Release|Any CPU
		{93A6E690-2697-4C23-B62B-96676EB58E2E}.Debug|Any CPU.ActiveCfg = Debug|Any CPU
		{93A6E690-2697-4C23-B62B-96676EB58E2E}.Debug|Any CPU.Build.0 = Debug|Any CPU
		{93A6E690-2697-4C23-B62B-96676EB58E2E}.Release|Any CPU.ActiveCfg = Release|Any CPU
		{93A6E690-2697-4C23-B62B-96676EB58E2E}.Release|Any CPU.Build.0 = Release|Any CPU
	EndGlobalSection
	GlobalSection(SolutionProperties) = preSolution
		HideSolutionNode = FALSE
	EndGlobalSection
	GlobalSection(ExtensibilityGlobals) = postSolution
		SolutionGuid = {C5B709D4-6E59-401C-B218-C6F9FB39BE89}
	EndGlobalSection
EndGlobal
