
Microsoft Visual Studio Solution File, Format Version 12.00
# Visual Studio Version 16
VisualStudioVersion = 16.0.30413.136
MinimumVisualStudioVersion = 10.0.40219.1
Project("{FAE04EC0-301F-11D3-BF4B-00C04F79EFBC}") = "Artnix.Scheduler", "Artnix.Scheduler\Artnix.Scheduler.csproj", "{48BC1C24-3FD3-40EA-A484-21235C3AA16F}"
EndProject
Global
	GlobalSection(SolutionConfigurationPlatforms) = preSolution
		Debug|Any CPU = Debug|Any CPU
		Release|Any CPU = Release|Any CPU
	EndGlobalSection
	GlobalSection(ProjectConfigurationPlatforms) = postSolution
		{48BC1C24-3FD3-40EA-A484-21235C3AA16F}.Debug|Any CPU.ActiveCfg = Debug|Any CPU
		{48BC1C24-3FD3-40EA-A484-21235C3AA16F}.Debug|Any CPU.Build.0 = Debug|Any CPU
		{48BC1C24-3FD3-40EA-A484-21235C3AA16F}.Release|Any CPU.ActiveCfg = Release|Any CPU
		{48BC1C24-3FD3-40EA-A484-21235C3AA16F}.Release|Any CPU.Build.0 = Release|Any CPU
	EndGlobalSection
	GlobalSection(SolutionProperties) = preSolution
		HideSolutionNode = FALSE
	EndGlobalSection
	GlobalSection(ExtensibilityGlobals) = postSolution
		SolutionGuid = {C5B709D4-6E59-401C-B218-C6F9FB39BE89}
	EndGlobalSection
EndGlobal
